
Microsoft Visual Studio Solution File, Format Version 12.00
# Visual Studio Version 16
VisualStudioVersion = 16.0.30413.136
MinimumVisualStudioVersion = 10.0.40219.1
Project("{FAE04EC0-301F-11D3-BF4B-00C04F79EFBC}") = "Form1", "Form1\Form1.csproj", "{54984A28-7EDF-4C1C-AD35-629CFD6A35B5}"
	ProjectSection(ProjectDependencies) = postProject
		{513F8964-4892-46CA-AA80-D2BF21933E37} = {513F8964-4892-46CA-AA80-D2BF21933E37}
	EndProjectSection
EndProject
Project("{FAE04EC0-301F-11D3-BF4B-00C04F79EFBC}") = "ClassLibrary3_1", "ClassLibrary3_1\ClassLibrary3_1.csproj", "{513F8964-4892-46CA-AA80-D2BF21933E37}"
EndProject
Project("{FAE04EC0-301F-11D3-BF4B-00C04F79EFBC}") = "ClassLibrary3_3", "ClassLibrary3_3\ClassLibrary3_3.csproj", "{A72495C1-7236-43F5-BD9A-B64FEF1E7A0B}"
EndProject
Project("{FAE04EC0-301F-11D3-BF4B-00C04F79EFBC}") = "ClassLibrary4", "..\ClassLibrary4\ClassLibrary4\ClassLibrary4.csproj", "{256AC8FD-3138-408C-A8CC-FB18D374202B}"
EndProject
Global
	GlobalSection(SolutionConfigurationPlatforms) = preSolution
		Debug|Any CPU = Debug|Any CPU
		Release|Any CPU = Release|Any CPU
	EndGlobalSection
	GlobalSection(ProjectConfigurationPlatforms) = postSolution
		{54984A28-7EDF-4C1C-AD35-629CFD6A35B5}.Debug|Any CPU.ActiveCfg = Debug|Any CPU
		{54984A28-7EDF-4C1C-AD35-629CFD6A35B5}.Debug|Any CPU.Build.0 = Debug|Any CPU
		{54984A28-7EDF-4C1C-AD35-629CFD6A35B5}.Release|Any CPU.ActiveCfg = Release|Any CPU
		{54984A28-7EDF-4C1C-AD35-629CFD6A35B5}.Release|Any CPU.Build.0 = Release|Any CPU
		{513F8964-4892-46CA-AA80-D2BF21933E37}.Debug|Any CPU.ActiveCfg = Debug|Any CPU
		{513F8964-4892-46CA-AA80-D2BF21933E37}.Debug|Any CPU.Build.0 = Debug|Any CPU
		{513F8964-4892-46CA-AA80-D2BF21933E37}.Release|Any CPU.ActiveCfg = Release|Any CPU
		{513F8964-4892-46CA-AA80-D2BF21933E37}.Release|Any CPU.Build.0 = Release|Any CPU
		{A72495C1-7236-43F5-BD9A-B64FEF1E7A0B}.Debug|Any CPU.ActiveCfg = Debug|Any CPU
		{A72495C1-7236-43F5-BD9A-B64FEF1E7A0B}.Debug|Any CPU.Build.0 = Debug|Any CPU
		{A72495C1-7236-43F5-BD9A-B64FEF1E7A0B}.Release|Any CPU.ActiveCfg = Release|Any CPU
		{A72495C1-7236-43F5-BD9A-B64FEF1E7A0B}.Release|Any CPU.Build.0 = Release|Any CPU
		{256AC8FD-3138-408C-A8CC-FB18D374202B}.Debug|Any CPU.ActiveCfg = Debug|Any CPU
		{256AC8FD-3138-408C-A8CC-FB18D374202B}.Debug|Any CPU.Build.0 = Debug|Any CPU
		{256AC8FD-3138-408C-A8CC-FB18D374202B}.Release|Any CPU.ActiveCfg = Release|Any CPU
		{256AC8FD-3138-408C-A8CC-FB18D374202B}.Release|Any CPU.Build.0 = Release|Any CPU
	EndGlobalSection
	GlobalSection(SolutionProperties) = preSolution
		HideSolutionNode = FALSE
	EndGlobalSection
	GlobalSection(ExtensibilityGlobals) = postSolution
		SolutionGuid = {937E9517-24F2-4F3F-8FE2-60DBC0987CD4}
	EndGlobalSection
EndGlobal
